
Microsoft Visual Studio Solution File, Format Version 12.00
# Visual Studio Version 16
VisualStudioVersion = 16.0.30413.136
MinimumVisualStudioVersion = 10.0.40219.1
Project("{9A19103F-16F7-4668-BE54-9A1E7A4F7556}") = "WebService", "WebService\WebService.csproj", "{BF724B5F-8A36-42C0-A1DD-73551E3DA926}"
EndProject
Project("{9A19103F-16F7-4668-BE54-9A1E7A4F7556}") = "DataServiceLib", "DataServiceLib\DataServiceLib.csproj", "{B9F5335C-8BA6-409E-A416-27ACA49E0552}"
EndProject
Project("{9A19103F-16F7-4668-BE54-9A1E7A4F7556}") = "datatest", "datatest\datatest.csproj", "{74C79E16-3F7B-4A7B-8D01-8084BB0AA8F2}"
	ProjectSection(ProjectDependencies) = postProject
		{B9F5335C-8BA6-409E-A416-27ACA49E0552} = {B9F5335C-8BA6-409E-A416-27ACA49E0552}
		{BF724B5F-8A36-42C0-A1DD-73551E3DA926} = {BF724B5F-8A36-42C0-A1DD-73551E3DA926}
	EndProjectSection
EndProject
Project("{2150E333-8FDC-42A3-9474-1A3956D46DE8}") = "WebServiceTest", "WebServiceTest", "{6BD8176D-43A2-42A7-B46D-4F492E968418}"
	ProjectSection(SolutionItems) = preProject
		WebService\Class.cs = WebService\Class.cs
	EndProjectSection
EndProject
Global
	GlobalSection(SolutionConfigurationPlatforms) = preSolution
		Debug|Any CPU = Debug|Any CPU
		Release|Any CPU = Release|Any CPU
	EndGlobalSection
	GlobalSection(ProjectConfigurationPlatforms) = postSolution
		{BF724B5F-8A36-42C0-A1DD-73551E3DA926}.Debug|Any CPU.ActiveCfg = Debug|Any CPU
		{BF724B5F-8A36-42C0-A1DD-73551E3DA926}.Debug|Any CPU.Build.0 = Debug|Any CPU
		{BF724B5F-8A36-42C0-A1DD-73551E3DA926}.Release|Any CPU.ActiveCfg = Release|Any CPU
		{BF724B5F-8A36-42C0-A1DD-73551E3DA926}.Release|Any CPU.Build.0 = Release|Any CPU
		{B9F5335C-8BA6-409E-A416-27ACA49E0552}.Debug|Any CPU.ActiveCfg = Debug|Any CPU
		{B9F5335C-8BA6-409E-A416-27ACA49E0552}.Debug|Any CPU.Build.0 = Debug|Any CPU
		{B9F5335C-8BA6-409E-A416-27ACA49E0552}.Release|Any CPU.ActiveCfg = Release|Any CPU
		{B9F5335C-8BA6-409E-A416-27ACA49E0552}.Release|Any CPU.Build.0 = Release|Any CPU
		{74C79E16-3F7B-4A7B-8D01-8084BB0AA8F2}.Debug|Any CPU.ActiveCfg = Debug|Any CPU
		{74C79E16-3F7B-4A7B-8D01-8084BB0AA8F2}.Debug|Any CPU.Build.0 = Debug|Any CPU
		{74C79E16-3F7B-4A7B-8D01-8084BB0AA8F2}.Release|Any CPU.ActiveCfg = Release|Any CPU
		{74C79E16-3F7B-4A7B-8D01-8084BB0AA8F2}.Release|Any CPU.Build.0 = Release|Any CPU
	EndGlobalSection
	GlobalSection(SolutionProperties) = preSolution
		HideSolutionNode = FALSE
	EndGlobalSection
	GlobalSection(ExtensibilityGlobals) = postSolution
		SolutionGuid = {1BC1EB6E-1534-4F79-9E12-E6449C471FB3}
	EndGlobalSection
EndGlobal
