
Microsoft Visual Studio Solution File, Format Version 12.00
# Visual Studio Version 16
VisualStudioVersion = 16.0.30413.136
MinimumVisualStudioVersion = 10.0.40219.1
Project("{FAE04EC0-301F-11D3-BF4B-00C04F79EFBC}") = "WebService", "WebService\WebService.csproj", "{BF724B5F-8A36-42C0-A1DD-73551E3DA926}"
EndProject
Project("{FAE04EC0-301F-11D3-BF4B-00C04F79EFBC}") = "DataServiceLib", "DataServiceLib\DataServiceLib.csproj", "{B9F5335C-8BA6-409E-A416-27ACA49E0552}"
EndProject
Global
	GlobalSection(SolutionConfigurationPlatforms) = preSolution
		Debug|Any CPU = Debug|Any CPU
		Release|Any CPU = Release|Any CPU
	EndGlobalSection
	GlobalSection(ProjectConfigurationPlatforms) = postSolution
		{BF724B5F-8A36-42C0-A1DD-73551E3DA926}.Debug|Any CPU.ActiveCfg = Debug|Any CPU
		{BF724B5F-8A36-42C0-A1DD-73551E3DA926}.Debug|Any CPU.Build.0 = Debug|Any CPU
		{BF724B5F-8A36-42C0-A1DD-73551E3DA926}.Release|Any CPU.ActiveCfg = Release|Any CPU
		{BF724B5F-8A36-42C0-A1DD-73551E3DA926}.Release|Any CPU.Build.0 = Release|Any CPU
		{B9F5335C-8BA6-409E-A416-27ACA49E0552}.Debug|Any CPU.ActiveCfg = Debug|Any CPU
		{B9F5335C-8BA6-409E-A416-27ACA49E0552}.Debug|Any CPU.Build.0 = Debug|Any CPU
		{B9F5335C-8BA6-409E-A416-27ACA49E0552}.Release|Any CPU.ActiveCfg = Release|Any CPU
		{B9F5335C-8BA6-409E-A416-27ACA49E0552}.Release|Any CPU.Build.0 = Release|Any CPU
	EndGlobalSection
	GlobalSection(SolutionProperties) = preSolution
		HideSolutionNode = FALSE
	EndGlobalSection
	GlobalSection(ExtensibilityGlobals) = postSolution
		SolutionGuid = {1BC1EB6E-1534-4F79-9E12-E6449C471FB3}
	EndGlobalSection
EndGlobal
